
Microsoft Visual Studio Solution File, Format Version 12.00
# Visual Studio Version 16
VisualStudioVersion = 16.0.30621.155
MinimumVisualStudioVersion = 10.0.40219.1
Project("{FAE04EC0-301F-11D3-BF4B-00C04F79EFBC}") = "ConsoleApp4", "ConsoleApp4\ConsoleApp4.csproj", "{34B038A6-5DCF-4346-924E-3376F003555A}"
EndProject
Global
	GlobalSection(SolutionConfigurationPlatforms) = preSolution
		Debug|Any CPU = Debug|Any CPU
		Release|Any CPU = Release|Any CPU
	EndGlobalSection
	GlobalSection(ProjectConfigurationPlatforms) = postSolution
		{34B038A6-5DCF-4346-924E-3376F003555A}.Debug|Any CPU.ActiveCfg = Debug|Any CPU
		{34B038A6-5DCF-4346-924E-3376F003555A}.Debug|Any CPU.Build.0 = Debug|Any CPU
		{34B038A6-5DCF-4346-924E-3376F003555A}.Release|Any CPU.ActiveCfg = Release|Any CPU
		{34B038A6-5DCF-4346-924E-3376F003555A}.Release|Any CPU.Build.0 = Release|Any CPU
	EndGlobalSection
	GlobalSection(SolutionProperties) = preSolution
		HideSolutionNode = FALSE
	EndGlobalSection
	GlobalSection(ExtensibilityGlobals) = postSolution
		SolutionGuid = {74E07155-58CA-496D-A040-6B36850A2980}
	EndGlobalSection
EndGlobal
